
Microsoft Visual Studio Solution File, Format Version 12.00
# Visual Studio 15
VisualStudioVersion = 15.0.28307.421
MinimumVisualStudioVersion = 10.0.40219.1
Project("{2150E333-8FDC-42A3-9474-1A3956D46DE8}") = "1 - Service", "1 - Service", "{02125B5C-1B68-46AD-B8A4-691412E4ACE4}"
EndProject
Project("{2150E333-8FDC-42A3-9474-1A3956D46DE8}") = "2 - Application", "2 - Application", "{4414FE0B-26A4-487E-885E-A83A076B0AA1}"
EndProject
Project("{2150E333-8FDC-42A3-9474-1A3956D46DE8}") = "3 - Domain", "3 - Domain", "{7E01578A-F43E-4F12-BD6C-6DF4683461D1}"
EndProject
Project("{2150E333-8FDC-42A3-9474-1A3956D46DE8}") = "4 - Repository", "4 - Repository", "{25723032-97DC-4DB1-85BB-5FE413FB1371}"
EndProject
Project("{FAE04EC0-301F-11D3-BF4B-00C04F79EFBC}") = "RepositoryCalcTest", "RepositoryCalcTest\RepositoryCalcTest.csproj", "{3806EEF9-492A-4546-B683-45A23B62713C}"
EndProject
Project("{FAE04EC0-301F-11D3-BF4B-00C04F79EFBC}") = "DomainCalcTest", "DomainCalcTest\DomainCalcTest.csproj", "{1E3AE9D4-6FB0-4326-ACA5-1840DF8E5631}"
EndProject
Project("{FAE04EC0-301F-11D3-BF4B-00C04F79EFBC}") = "ApplicationCalcTest", "ApplicationCalcTest\ApplicationCalcTest.csproj", "{967DDE58-1A89-4C7A-A1BF-2C04BF10A528}"
EndProject
Project("{FAE04EC0-301F-11D3-BF4B-00C04F79EFBC}") = "ServiceCalcTest", "ServiceCalcTest\ServiceCalcTest.csproj", "{E3724F7C-6EA1-4458-A317-3D757FF0E002}"
EndProject
Global
	GlobalSection(SolutionConfigurationPlatforms) = preSolution
		Debug|Any CPU = Debug|Any CPU
		Release|Any CPU = Release|Any CPU
	EndGlobalSection
	GlobalSection(ProjectConfigurationPlatforms) = postSolution
		{3806EEF9-492A-4546-B683-45A23B62713C}.Debug|Any CPU.ActiveCfg = Debug|Any CPU
		{3806EEF9-492A-4546-B683-45A23B62713C}.Debug|Any CPU.Build.0 = Debug|Any CPU
		{3806EEF9-492A-4546-B683-45A23B62713C}.Release|Any CPU.ActiveCfg = Release|Any CPU
		{3806EEF9-492A-4546-B683-45A23B62713C}.Release|Any CPU.Build.0 = Release|Any CPU
		{1E3AE9D4-6FB0-4326-ACA5-1840DF8E5631}.Debug|Any CPU.ActiveCfg = Debug|Any CPU
		{1E3AE9D4-6FB0-4326-ACA5-1840DF8E5631}.Debug|Any CPU.Build.0 = Debug|Any CPU
		{1E3AE9D4-6FB0-4326-ACA5-1840DF8E5631}.Release|Any CPU.ActiveCfg = Release|Any CPU
		{1E3AE9D4-6FB0-4326-ACA5-1840DF8E5631}.Release|Any CPU.Build.0 = Release|Any CPU
		{967DDE58-1A89-4C7A-A1BF-2C04BF10A528}.Debug|Any CPU.ActiveCfg = Debug|Any CPU
		{967DDE58-1A89-4C7A-A1BF-2C04BF10A528}.Debug|Any CPU.Build.0 = Debug|Any CPU
		{967DDE58-1A89-4C7A-A1BF-2C04BF10A528}.Release|Any CPU.ActiveCfg = Release|Any CPU
		{967DDE58-1A89-4C7A-A1BF-2C04BF10A528}.Release|Any CPU.Build.0 = Release|Any CPU
		{E3724F7C-6EA1-4458-A317-3D757FF0E002}.Debug|Any CPU.ActiveCfg = Debug|Any CPU
		{E3724F7C-6EA1-4458-A317-3D757FF0E002}.Debug|Any CPU.Build.0 = Debug|Any CPU
		{E3724F7C-6EA1-4458-A317-3D757FF0E002}.Release|Any CPU.ActiveCfg = Release|Any CPU
		{E3724F7C-6EA1-4458-A317-3D757FF0E002}.Release|Any CPU.Build.0 = Release|Any CPU
	EndGlobalSection
	GlobalSection(SolutionProperties) = preSolution
		HideSolutionNode = FALSE
	EndGlobalSection
	GlobalSection(NestedProjects) = preSolution
		{3806EEF9-492A-4546-B683-45A23B62713C} = {25723032-97DC-4DB1-85BB-5FE413FB1371}
		{1E3AE9D4-6FB0-4326-ACA5-1840DF8E5631} = {7E01578A-F43E-4F12-BD6C-6DF4683461D1}
		{967DDE58-1A89-4C7A-A1BF-2C04BF10A528} = {4414FE0B-26A4-487E-885E-A83A076B0AA1}
		{E3724F7C-6EA1-4458-A317-3D757FF0E002} = {02125B5C-1B68-46AD-B8A4-691412E4ACE4}
	EndGlobalSection
	GlobalSection(ExtensibilityGlobals) = postSolution
		SolutionGuid = {24C130C9-3CC4-4D13-939F-6EFA8114CBC9}
	EndGlobalSection
EndGlobal
